
Microsoft Visual Studio Solution File, Format Version 12.00
# Visual Studio Version 16
VisualStudioVersion = 16.0.30611.23
MinimumVisualStudioVersion = 10.0.40219.1
Project("{FAE04EC0-301F-11D3-BF4B-00C04F79EFBC}") = "cours2", "cours2\cours2.csproj", "{ACCD379A-DF64-4C58-A5B4-44206EEB4861}"
EndProject
Global
	GlobalSection(SolutionConfigurationPlatforms) = preSolution
		Debug|Any CPU = Debug|Any CPU
		Release|Any CPU = Release|Any CPU
	EndGlobalSection
	GlobalSection(ProjectConfigurationPlatforms) = postSolution
		{ACCD379A-DF64-4C58-A5B4-44206EEB4861}.Debug|Any CPU.ActiveCfg = Debug|Any CPU
		{ACCD379A-DF64-4C58-A5B4-44206EEB4861}.Debug|Any CPU.Build.0 = Debug|Any CPU
		{ACCD379A-DF64-4C58-A5B4-44206EEB4861}.Release|Any CPU.ActiveCfg = Release|Any CPU
		{ACCD379A-DF64-4C58-A5B4-44206EEB4861}.Release|Any CPU.Build.0 = Release|Any CPU
	EndGlobalSection
	GlobalSection(SolutionProperties) = preSolution
		HideSolutionNode = FALSE
	EndGlobalSection
	GlobalSection(ExtensibilityGlobals) = postSolution
		SolutionGuid = {74F1DE71-11E7-48D2-BC03-DCAF64D2DC8A}
	EndGlobalSection
EndGlobal
